
Microsoft Visual Studio Solution File, Format Version 12.00
# Visual Studio Version 17
VisualStudioVersion = 17.2.32616.157
MinimumVisualStudioVersion = 10.0.40219.1
Project("{FAE04EC0-301F-11D3-BF4B-00C04F79EFBC}") = "FuckAV", "FuckAV\FuckAV.csproj", "{56ECC441-6F8B-4FCB-AE5B-B6610FFD3C82}"
EndProject
Global
	GlobalSection(SolutionConfigurationPlatforms) = preSolution
		Debug|Any CPU = Debug|Any CPU
		Release|Any CPU = Release|Any CPU
	EndGlobalSection
	GlobalSection(ProjectConfigurationPlatforms) = postSolution
		{56ECC441-6F8B-4FCB-AE5B-B6610FFD3C82}.Debug|Any CPU.ActiveCfg = Debug|Any CPU
		{56ECC441-6F8B-4FCB-AE5B-B6610FFD3C82}.Debug|Any CPU.Build.0 = Debug|Any CPU
		{56ECC441-6F8B-4FCB-AE5B-B6610FFD3C82}.Release|Any CPU.ActiveCfg = Release|Any CPU
		{56ECC441-6F8B-4FCB-AE5B-B6610FFD3C82}.Release|Any CPU.Build.0 = Release|Any CPU
	EndGlobalSection
	GlobalSection(SolutionProperties) = preSolution
		HideSolutionNode = FALSE
	EndGlobalSection
	GlobalSection(ExtensibilityGlobals) = postSolution
		SolutionGuid = {F4ED4328-1C88-4B74-BE4F-D93E220B748F}
	EndGlobalSection
EndGlobal
